
Microsoft Visual Studio Solution File, Format Version 12.00
# Visual Studio Version 17
VisualStudioVersion = 17.13.35825.156 d17.13
MinimumVisualStudioVersion = 10.0.40219.1
Project("{FAE04EC0-301F-11D3-BF4B-00C04F79EFBC}") = "Messager", "Messager\Messager.csproj", "{EFF60608-293D-427E-82BA-9B9F809FCD55}"
EndProject
Global
	GlobalSection(SolutionConfigurationPlatforms) = preSolution
		Debug|Any CPU = Debug|Any CPU
		Release|Any CPU = Release|Any CPU
	EndGlobalSection
	GlobalSection(ProjectConfigurationPlatforms) = postSolution
		{EFF60608-293D-427E-82BA-9B9F809FCD55}.Debug|Any CPU.ActiveCfg = Debug|Any CPU
		{EFF60608-293D-427E-82BA-9B9F809FCD55}.Debug|Any CPU.Build.0 = Debug|Any CPU
		{EFF60608-293D-427E-82BA-9B9F809FCD55}.Release|Any CPU.ActiveCfg = Release|Any CPU
		{EFF60608-293D-427E-82BA-9B9F809FCD55}.Release|Any CPU.Build.0 = Release|Any CPU
	EndGlobalSection
	GlobalSection(SolutionProperties) = preSolution
		HideSolutionNode = FALSE
	EndGlobalSection
	GlobalSection(ExtensibilityGlobals) = postSolution
		SolutionGuid = {6BB3DC7A-0486-404B-A5B9-65C2289C2042}
	EndGlobalSection
EndGlobal
